// !$*UTF8*$!
{
	archiveVersion = 1;
	classes = {
	};
	objectVersion = 46;
	objects = {

/* Begin PBXBuildFile section */
		471279381BC9A83800CACD99 /* Campaign.m in Sources */ = {isa = PBXBuildFile; fileRef = 471279371BC9A83800CACD99 /* Campaign.m */; };
		4712793B1BC9B1E800CACD99 /* SignInVC.m in Sources */ = {isa = PBXBuildFile; fileRef = 4712793A1BC9B1E800CACD99 /* SignInVC.m */; };
		4712793E1BC9B9C100CACD99 /* TabVC.m in Sources */ = {isa = PBXBuildFile; fileRef = 4712793D1BC9B9C100CACD99 /* TabVC.m */; };
		473B3BDB1BC95C2D00FDC8F6 /* main.m in Sources */ = {isa = PBXBuildFile; fileRef = 473B3BDA1BC95C2D00FDC8F6 /* main.m */; };
		473B3BDE1BC95C2D00FDC8F6 /* AppDelegate.m in Sources */ = {isa = PBXBuildFile; fileRef = 473B3BDD1BC95C2D00FDC8F6 /* AppDelegate.m */; };
		473B3BE11BC95C2D00FDC8F6 /* MainViewController.m in Sources */ = {isa = PBXBuildFile; fileRef = 473B3BE01BC95C2D00FDC8F6 /* MainViewController.m */; };
		473B3BE41BC95C2D00FDC8F6 /* Main.storyboard in Resources */ = {isa = PBXBuildFile; fileRef = 473B3BE21BC95C2D00FDC8F6 /* Main.storyboard */; };
		473B3BE61BC95C2D00FDC8F6 /* Images.xcassets in Resources */ = {isa = PBXBuildFile; fileRef = 473B3BE51BC95C2D00FDC8F6 /* Images.xcassets */; };
		473B3BE91BC95C2D00FDC8F6 /* LaunchScreen.xib in Resources */ = {isa = PBXBuildFile; fileRef = 473B3BE71BC95C2D00FDC8F6 /* LaunchScreen.xib */; };
		473B3BF51BC95C2D00FDC8F6 /* Round_for_ChangeTests.m in Sources */ = {isa = PBXBuildFile; fileRef = 473B3BF41BC95C2D00FDC8F6 /* Round_for_ChangeTests.m */; };
		473B3BFF1BC9697200FDC8F6 /* tableViewCell.xib in Resources */ = {isa = PBXBuildFile; fileRef = 473B3BFE1BC9697200FDC8F6 /* tableViewCell.xib */; };
		473B3C021BC969DA00FDC8F6 /* tableViewCell.m in Sources */ = {isa = PBXBuildFile; fileRef = 473B3C011BC969DA00FDC8F6 /* tableViewCell.m */; };
		473B3C051BC973B900FDC8F6 /* CampaignDisplayVCViewController.m in Sources */ = {isa = PBXBuildFile; fileRef = 473B3C041BC973B900FDC8F6 /* CampaignDisplayVCViewController.m */; };
		473B3C0F1BC9959D00FDC8F6 /* MaskVC.m in Sources */ = {isa = PBXBuildFile; fileRef = 473B3C0E1BC9959D00FDC8F6 /* MaskVC.m */; };
/* End PBXBuildFile section */

/* Begin PBXContainerItemProxy section */
		473B3BEF1BC95C2D00FDC8F6 /* PBXContainerItemProxy */ = {
			isa = PBXContainerItemProxy;
			containerPortal = 473B3BCD1BC95C2D00FDC8F6 /* Project object */;
			proxyType = 1;
			remoteGlobalIDString = 473B3BD41BC95C2D00FDC8F6;
			remoteInfo = Round_for_Change;
		};
/* End PBXContainerItemProxy section */

/* Begin PBXFileReference section */
		471279361BC9A83800CACD99 /* Campaign.h */ = {isa = PBXFileReference; fileEncoding = 4; lastKnownFileType = sourcecode.c.h; path = Campaign.h; sourceTree = "<group>"; };
		471279371BC9A83800CACD99 /* Campaign.m */ = {isa = PBXFileReference; fileEncoding = 4; lastKnownFileType = sourcecode.c.objc; path = Campaign.m; sourceTree = "<group>"; };
		471279391BC9B1E800CACD99 /* SignInVC.h */ = {isa = PBXFileReference; fileEncoding = 4; lastKnownFileType = sourcecode.c.h; path = SignInVC.h; sourceTree = "<group>"; };
		4712793A1BC9B1E800CACD99 /* SignInVC.m */ = {isa = PBXFileReference; fileEncoding = 4; lastKnownFileType = sourcecode.c.objc; path = SignInVC.m; sourceTree = "<group>"; };
		4712793C1BC9B9C100CACD99 /* TabVC.h */ = {isa = PBXFileReference; fileEncoding = 4; lastKnownFileType = sourcecode.c.h; path = TabVC.h; sourceTree = "<group>"; };
		4712793D1BC9B9C100CACD99 /* TabVC.m */ = {isa = PBXFileReference; fileEncoding = 4; lastKnownFileType = sourcecode.c.objc; path = TabVC.m; sourceTree = "<group>"; };
		473B3BD51BC95C2D00FDC8F6 /* Round_for_Change.app */ = {isa = PBXFileReference; explicitFileType = wrapper.application; includeInIndex = 0; path = Round_for_Change.app; sourceTree = BUILT_PRODUCTS_DIR; };
		473B3BD91BC95C2D00FDC8F6 /* Info.plist */ = {isa = PBXFileReference; lastKnownFileType = text.plist.xml; path = Info.plist; sourceTree = "<group>"; };
		473B3BDA1BC95C2D00FDC8F6 /* main.m */ = {isa = PBXFileReference; lastKnownFileType = sourcecode.c.objc; path = main.m; sourceTree = "<group>"; };
		473B3BDC1BC95C2D00FDC8F6 /* AppDelegate.h */ = {isa = PBXFileReference; lastKnownFileType = sourcecode.c.h; path = AppDelegate.h; sourceTree = "<group>"; };
		473B3BDD1BC95C2D00FDC8F6 /* AppDelegate.m */ = {isa = PBXFileReference; lastKnownFileType = sourcecode.c.objc; path = AppDelegate.m; sourceTree = "<group>"; };
		473B3BDF1BC95C2D00FDC8F6 /* MainViewController.h */ = {isa = PBXFileReference; lastKnownFileType = sourcecode.c.h; path = MainViewController.h; sourceTree = "<group>"; };
		473B3BE01BC95C2D00FDC8F6 /* MainViewController.m */ = {isa = PBXFileReference; lastKnownFileType = sourcecode.c.objc; path = MainViewController.m; sourceTree = "<group>"; };
		473B3BE31BC95C2D00FDC8F6 /* Base */ = {isa = PBXFileReference; lastKnownFileType = file.storyboard; name = Base; path = Base.lproj/Main.storyboard; sourceTree = "<group>"; };
		473B3BE51BC95C2D00FDC8F6 /* Images.xcassets */ = {isa = PBXFileReference; lastKnownFileType = folder.assetcatalog; path = Images.xcassets; sourceTree = "<group>"; };
		473B3BE81BC95C2D00FDC8F6 /* Base */ = {isa = PBXFileReference; lastKnownFileType = file.xib; name = Base; path = Base.lproj/LaunchScreen.xib; sourceTree = "<group>"; };
		473B3BEE1BC95C2D00FDC8F6 /* Round_for_ChangeTests.xctest */ = {isa = PBXFileReference; explicitFileType = wrapper.cfbundle; includeInIndex = 0; path = Round_for_ChangeTests.xctest; sourceTree = BUILT_PRODUCTS_DIR; };
		473B3BF31BC95C2D00FDC8F6 /* Info.plist */ = {isa = PBXFileReference; lastKnownFileType = text.plist.xml; path = Info.plist; sourceTree = "<group>"; };
		473B3BF41BC95C2D00FDC8F6 /* Round_for_ChangeTests.m */ = {isa = PBXFileReference; lastKnownFileType = sourcecode.c.objc; path = Round_for_ChangeTests.m; sourceTree = "<group>"; };
		473B3BFE1BC9697200FDC8F6 /* tableViewCell.xib */ = {isa = PBXFileReference; fileEncoding = 4; lastKnownFileType = file.xib; path = tableViewCell.xib; sourceTree = "<group>"; };
		473B3C001BC969DA00FDC8F6 /* tableViewCell.h */ = {isa = PBXFileReference; fileEncoding = 4; lastKnownFileType = sourcecode.c.h; path = tableViewCell.h; sourceTree = "<group>"; };
		473B3C011BC969DA00FDC8F6 /* tableViewCell.m */ = {isa = PBXFileReference; fileEncoding = 4; lastKnownFileType = sourcecode.c.objc; path = tableViewCell.m; sourceTree = "<group>"; };
		473B3C031BC973B900FDC8F6 /* CampaignDisplayVCViewController.h */ = {isa = PBXFileReference; fileEncoding = 4; lastKnownFileType = sourcecode.c.h; path = CampaignDisplayVCViewController.h; sourceTree = "<group>"; };
		473B3C041BC973B900FDC8F6 /* CampaignDisplayVCViewController.m */ = {isa = PBXFileReference; fileEncoding = 4; lastKnownFileType = sourcecode.c.objc; path = CampaignDisplayVCViewController.m; sourceTree = "<group>"; };
		473B3C0D1BC9959D00FDC8F6 /* MaskVC.h */ = {isa = PBXFileReference; fileEncoding = 4; lastKnownFileType = sourcecode.c.h; path = MaskVC.h; sourceTree = "<group>"; };
		473B3C0E1BC9959D00FDC8F6 /* MaskVC.m */ = {isa = PBXFileReference; fileEncoding = 4; lastKnownFileType = sourcecode.c.objc; path = MaskVC.m; sourceTree = "<group>"; };
		473B3C111BC9A01B00FDC8F6 /* Config.h */ = {isa = PBXFileReference; lastKnownFileType = sourcecode.c.h; path = Config.h; sourceTree = "<group>"; };
/* End PBXFileReference section */

/* Begin PBXFrameworksBuildPhase section */
		473B3BD21BC95C2D00FDC8F6 /* Frameworks */ = {
			isa = PBXFrameworksBuildPhase;
			buildActionMask = 2147483647;
			files = (
			);
			runOnlyForDeploymentPostprocessing = 0;
		};
		473B3BEB1BC95C2D00FDC8F6 /* Frameworks */ = {
			isa = PBXFrameworksBuildPhase;
			buildActionMask = 2147483647;
			files = (
			);
			runOnlyForDeploymentPostprocessing = 0;
		};
/* End PBXFrameworksBuildPhase section */

/* Begin PBXGroup section */
		471279351BC9A7FB00CACD99 /* Models */ = {
			isa = PBXGroup;
			children = (
				471279361BC9A83800CACD99 /* Campaign.h */,
				471279371BC9A83800CACD99 /* Campaign.m */,
			);
			name = Models;
			sourceTree = "<group>";
		};
		473B3BCC1BC95C2D00FDC8F6 = {
			isa = PBXGroup;
			children = (
				473B3BD71BC95C2D00FDC8F6 /* Round_for_Change */,
				473B3BF11BC95C2D00FDC8F6 /* Round_for_ChangeTests */,
				473B3BD61BC95C2D00FDC8F6 /* Products */,
			);
			sourceTree = "<group>";
		};
		473B3BD61BC95C2D00FDC8F6 /* Products */ = {
			isa = PBXGroup;
			children = (
				473B3BD51BC95C2D00FDC8F6 /* Round_for_Change.app */,
				473B3BEE1BC95C2D00FDC8F6 /* Round_for_ChangeTests.xctest */,
			);
			name = Products;
			sourceTree = "<group>";
		};
		473B3BD71BC95C2D00FDC8F6 /* Round_for_Change */ = {
			isa = PBXGroup;
			children = (
				471279351BC9A7FB00CACD99 /* Models */,
				473B3C111BC9A01B00FDC8F6 /* Config.h */,
				473B3BD81BC95C2D00FDC8F6 /* Supporting Files */,
				473B3C091BC9918C00FDC8F6 /* tableViewCell */,
				473B3C101BC99F5100FDC8F6 /* ViewControllers */,
				473B3BDC1BC95C2D00FDC8F6 /* AppDelegate.h */,
				473B3BDD1BC95C2D00FDC8F6 /* AppDelegate.m */,
				473B3BE21BC95C2D00FDC8F6 /* Main.storyboard */,
				473B3BE51BC95C2D00FDC8F6 /* Images.xcassets */,
				473B3BE71BC95C2D00FDC8F6 /* LaunchScreen.xib */,
			);
			path = Round_for_Change;
			sourceTree = "<group>";
		};
		473B3BD81BC95C2D00FDC8F6 /* Supporting Files */ = {
			isa = PBXGroup;
			children = (
				473B3BD91BC95C2D00FDC8F6 /* Info.plist */,
				473B3BDA1BC95C2D00FDC8F6 /* main.m */,
			);
			name = "Supporting Files";
			sourceTree = "<group>";
		};
		473B3BF11BC95C2D00FDC8F6 /* Round_for_ChangeTests */ = {
			isa = PBXGroup;
			children = (
				473B3BF41BC95C2D00FDC8F6 /* Round_for_ChangeTests.m */,
				473B3BF21BC95C2D00FDC8F6 /* Supporting Files */,
			);
			path = Round_for_ChangeTests;
			sourceTree = "<group>";
		};
		473B3BF21BC95C2D00FDC8F6 /* Supporting Files */ = {
			isa = PBXGroup;
			children = (
				473B3BF31BC95C2D00FDC8F6 /* Info.plist */,
			);
			name = "Supporting Files";
			sourceTree = "<group>";
		};
		473B3C091BC9918C00FDC8F6 /* tableViewCell */ = {
			isa = PBXGroup;
			children = (
				473B3BFE1BC9697200FDC8F6 /* tableViewCell.xib */,
				473B3C001BC969DA00FDC8F6 /* tableViewCell.h */,
				473B3C011BC969DA00FDC8F6 /* tableViewCell.m */,
			);
			name = tableViewCell;
			sourceTree = "<group>";
		};
		473B3C101BC99F5100FDC8F6 /* ViewControllers */ = {
			isa = PBXGroup;
			children = (
				473B3BDF1BC95C2D00FDC8F6 /* MainViewController.h */,
				473B3BE01BC95C2D00FDC8F6 /* MainViewController.m */,
				473B3C031BC973B900FDC8F6 /* CampaignDisplayVCViewController.h */,
				473B3C041BC973B900FDC8F6 /* CampaignDisplayVCViewController.m */,
				473B3C0D1BC9959D00FDC8F6 /* MaskVC.h */,
				473B3C0E1BC9959D00FDC8F6 /* MaskVC.m */,
				471279391BC9B1E800CACD99 /* SignInVC.h */,
				4712793A1BC9B1E800CACD99 /* SignInVC.m */,
				4712793C1BC9B9C100CACD99 /* TabVC.h */,
				4712793D1BC9B9C100CACD99 /* TabVC.m */,
			);
			name = ViewControllers;
			sourceTree = "<group>";
		};
/* End PBXGroup section */

/* Begin PBXNativeTarget section */
		473B3BD41BC95C2D00FDC8F6 /* Round_for_Change */ = {
			isa = PBXNativeTarget;
			buildConfigurationList = 473B3BF81BC95C2D00FDC8F6 /* Build configuration list for PBXNativeTarget "Round_for_Change" */;
			buildPhases = (
				473B3BD11BC95C2D00FDC8F6 /* Sources */,
				473B3BD21BC95C2D00FDC8F6 /* Frameworks */,
				473B3BD31BC95C2D00FDC8F6 /* Resources */,
			);
			buildRules = (
			);
			dependencies = (
			);
			name = Round_for_Change;
			productName = Round_for_Change;
			productReference = 473B3BD51BC95C2D00FDC8F6 /* Round_for_Change.app */;
			productType = "com.apple.product-type.application";
		};
		473B3BED1BC95C2D00FDC8F6 /* Round_for_ChangeTests */ = {
			isa = PBXNativeTarget;
			buildConfigurationList = 473B3BFB1BC95C2D00FDC8F6 /* Build configuration list for PBXNativeTarget "Round_for_ChangeTests" */;
			buildPhases = (
				473B3BEA1BC95C2D00FDC8F6 /* Sources */,
				473B3BEB1BC95C2D00FDC8F6 /* Frameworks */,
				473B3BEC1BC95C2D00FDC8F6 /* Resources */,
			);
			buildRules = (
			);
			dependencies = (
				473B3BF01BC95C2D00FDC8F6 /* PBXTargetDependency */,
			);
			name = Round_for_ChangeTests;
			productName = Round_for_ChangeTests;
			productReference = 473B3BEE1BC95C2D00FDC8F6 /* Round_for_ChangeTests.xctest */;
			productType = "com.apple.product-type.bundle.unit-test";
		};
/* End PBXNativeTarget section */

/* Begin PBXProject section */
		473B3BCD1BC95C2D00FDC8F6 /* Project object */ = {
			isa = PBXProject;
			attributes = {
				LastUpgradeCheck = 0640;
				ORGANIZATIONNAME = FinTech;
				TargetAttributes = {
					473B3BD41BC95C2D00FDC8F6 = {
						CreatedOnToolsVersion = 6.4;
					};
					473B3BED1BC95C2D00FDC8F6 = {
						CreatedOnToolsVersion = 6.4;
						TestTargetID = 473B3BD41BC95C2D00FDC8F6;
					};
				};
			};
			buildConfigurationList = 473B3BD01BC95C2D00FDC8F6 /* Build configuration list for PBXProject "Round_for_Change" */;
			compatibilityVersion = "Xcode 3.2";
			developmentRegion = English;
			hasScannedForEncodings = 0;
			knownRegions = (
				en,
				Base,
			);
			mainGroup = 473B3BCC1BC95C2D00FDC8F6;
			productRefGroup = 473B3BD61BC95C2D00FDC8F6 /* Products */;
			projectDirPath = "";
			projectRoot = "";
			targets = (
				473B3BD41BC95C2D00FDC8F6 /* Round_for_Change */,
				473B3BED1BC95C2D00FDC8F6 /* Round_for_ChangeTests */,
			);
		};
/* End PBXProject section */

/* Begin PBXResourcesBuildPhase section */
		473B3BD31BC95C2D00FDC8F6 /* Resources */ = {
			isa = PBXResourcesBuildPhase;
			buildActionMask = 2147483647;
			files = (
				473B3BE41BC95C2D00FDC8F6 /* Main.storyboard in Resources */,
				473B3BFF1BC9697200FDC8F6 /* tableViewCell.xib in Resources */,
				473B3BE91BC95C2D00FDC8F6 /* LaunchScreen.xib in Resources */,
				473B3BE61BC95C2D00FDC8F6 /* Images.xcassets in Resources */,
			);
			runOnlyForDeploymentPostprocessing = 0;
		};
		473B3BEC1BC95C2D00FDC8F6 /* Resources */ = {
			isa = PBXResourcesBuildPhase;
			buildActionMask = 2147483647;
			files = (
			);
			runOnlyForDeploymentPostprocessing = 0;
		};
/* End PBXResourcesBuildPhase section */

/* Begin PBXSourcesBuildPhase section */
		473B3BD11BC95C2D00FDC8F6 /* Sources */ = {
			isa = PBXSourcesBuildPhase;
			buildActionMask = 2147483647;
			files = (
				4712793E1BC9B9C100CACD99 /* TabVC.m in Sources */,
				473B3C0F1BC9959D00FDC8F6 /* MaskVC.m in Sources */,
				473B3BE11BC95C2D00FDC8F6 /* MainViewController.m in Sources */,
				471279381BC9A83800CACD99 /* Campaign.m in Sources */,
				473B3C021BC969DA00FDC8F6 /* tableViewCell.m in Sources */,
				473B3BDE1BC95C2D00FDC8F6 /* AppDelegate.m in Sources */,
				473B3BDB1BC95C2D00FDC8F6 /* main.m in Sources */,
				4712793B1BC9B1E800CACD99 /* SignInVC.m in Sources */,
				473B3C051BC973B900FDC8F6 /* CampaignDisplayVCViewController.m in Sources */,
			);
			runOnlyForDeploymentPostprocessing = 0;
		};
		473B3BEA1BC95C2D00FDC8F6 /* Sources */ = {
			isa = PBXSourcesBuildPhase;
			buildActionMask = 2147483647;
			files = (
				473B3BF51BC95C2D00FDC8F6 /* Round_for_ChangeTests.m in Sources */,
			);
			runOnlyForDeploymentPostprocessing = 0;
		};
/* End PBXSourcesBuildPhase section */

/* Begin PBXTargetDependency section */
		473B3BF01BC95C2D00FDC8F6 /* PBXTargetDependency */ = {
			isa = PBXTargetDependency;
			target = 473B3BD41BC95C2D00FDC8F6 /* Round_for_Change */;
			targetProxy = 473B3BEF1BC95C2D00FDC8F6 /* PBXContainerItemProxy */;
		};
/* End PBXTargetDependency section */

/* Begin PBXVariantGroup section */
		473B3BE21BC95C2D00FDC8F6 /* Main.storyboard */ = {
			isa = PBXVariantGroup;
			children = (
				473B3BE31BC95C2D00FDC8F6 /* Base */,
			);
			name = Main.storyboard;
			sourceTree = "<group>";
		};
		473B3BE71BC95C2D00FDC8F6 /* LaunchScreen.xib */ = {
			isa = PBXVariantGroup;
			children = (
				473B3BE81BC95C2D00FDC8F6 /* Base */,
			);
			name = LaunchScreen.xib;
			sourceTree = "<group>";
		};
/* End PBXVariantGroup section */

/* Begin XCBuildConfiguration section */
		473B3BF61BC95C2D00FDC8F6 /* Debug */ = {
			isa = XCBuildConfiguration;
			buildSettings = {
				ALWAYS_SEARCH_USER_PATHS = NO;
				CLANG_CXX_LANGUAGE_STANDARD = "gnu++0x";
				CLANG_CXX_LIBRARY = "libc++";
				CLANG_ENABLE_MODULES = YES;
				CLANG_ENABLE_OBJC_ARC = YES;
				CLANG_WARN_BOOL_CONVERSION = YES;
				CLANG_WARN_CONSTANT_CONVERSION = YES;
				CLANG_WARN_DIRECT_OBJC_ISA_USAGE = YES_ERROR;
				CLANG_WARN_EMPTY_BODY = YES;
				CLANG_WARN_ENUM_CONVERSION = YES;
				CLANG_WARN_INT_CONVERSION = YES;
				CLANG_WARN_OBJC_ROOT_CLASS = YES_ERROR;
				CLANG_WARN_UNREACHABLE_CODE = YES;
				CLANG_WARN__DUPLICATE_METHOD_MATCH = YES;
				"CODE_SIGN_IDENTITY[sdk=iphoneos*]" = "iPhone Developer";
				COPY_PHASE_STRIP = NO;
				DEBUG_INFORMATION_FORMAT = "dwarf-with-dsym";
				ENABLE_STRICT_OBJC_MSGSEND = YES;
				GCC_C_LANGUAGE_STANDARD = gnu99;
				GCC_DYNAMIC_NO_PIC = NO;
				GCC_NO_COMMON_BLOCKS = YES;
				GCC_OPTIMIZATION_LEVEL = 0;
				GCC_PREPROCESSOR_DEFINITIONS = (
					"DEBUG=1",
					"$(inherited)",
				);
				GCC_SYMBOLS_PRIVATE_EXTERN = NO;
				GCC_WARN_64_TO_32_BIT_CONVERSION = YES;
				GCC_WARN_ABOUT_RETURN_TYPE = YES_ERROR;
				GCC_WARN_UNDECLARED_SELECTOR = YES;
				GCC_WARN_UNINITIALIZED_AUTOS = YES_AGGRESSIVE;
				GCC_WARN_UNUSED_FUNCTION = YES;
				GCC_WARN_UNUSED_VARIABLE = YES;
				IPHONEOS_DEPLOYMENT_TARGET = 8.4;
				MTL_ENABLE_DEBUG_INFO = YES;
				ONLY_ACTIVE_ARCH = YES;
				SDKROOT = iphoneos;
			};
			name = Debug;
		};
		473B3BF71BC95C2D00FDC8F6 /* Release */ = {
			isa = XCBuildConfiguration;
			buildSettings = {
				ALWAYS_SEARCH_USER_PATHS = NO;
				CLANG_CXX_LANGUAGE_STANDARD = "gnu++0x";
				CLANG_CXX_LIBRARY = "libc++";
				CLANG_ENABLE_MODULES = YES;
				CLANG_ENABLE_OBJC_ARC = YES;
				CLANG_WARN_BOOL_CONVERSION = YES;
				CLANG_WARN_CONSTANT_CONVERSION = YES;
				CLANG_WARN_DIRECT_OBJC_ISA_USAGE = YES_ERROR;
				CLANG_WARN_EMPTY_BODY = YES;
				CLANG_WARN_ENUM_CONVERSION = YES;
				CLANG_WARN_INT_CONVERSION = YES;
				CLANG_WARN_OBJC_ROOT_CLASS = YES_ERROR;
				CLANG_WARN_UNREACHABLE_CODE = YES;
				CLANG_WARN__DUPLICATE_METHOD_MATCH = YES;
				"CODE_SIGN_IDENTITY[sdk=iphoneos*]" = "iPhone Developer";
				COPY_PHASE_STRIP = NO;
				DEBUG_INFORMATION_FORMAT = "dwarf-with-dsym";
				ENABLE_NS_ASSERTIONS = NO;
				ENABLE_STRICT_OBJC_MSGSEND = YES;
				GCC_C_LANGUAGE_STANDARD = gnu99;
				GCC_NO_COMMON_BLOCKS = YES;
				GCC_WARN_64_TO_32_BIT_CONVERSION = YES;
				GCC_WARN_ABOUT_RETURN_TYPE = YES_ERROR;
				GCC_WARN_UNDECLARED_SELECTOR = YES;
				GCC_WARN_UNINITIALIZED_AUTOS = YES_AGGRESSIVE;
				GCC_WARN_UNUSED_FUNCTION = YES;
				GCC_WARN_UNUSED_VARIABLE = YES;
				IPHONEOS_DEPLOYMENT_TARGET = 8.4;
				MTL_ENABLE_DEBUG_INFO = NO;
				SDKROOT = iphoneos;
				VALIDATE_PRODUCT = YES;
			};
			name = Release;
		};
		473B3BF91BC95C2D00FDC8F6 /* Debug */ = {
			isa = XCBuildConfiguration;
			buildSettings = {
				ASSETCATALOG_COMPILER_APPICON_NAME = AppIcon;
				INFOPLIST_FILE = Round_for_Change/Info.plist;
				LD_RUNPATH_SEARCH_PATHS = "$(inherited) @executable_path/Frameworks";
				PRODUCT_NAME = "$(TARGET_NAME)";
			};
			name = Debug;
		};
		473B3BFA1BC95C2D00FDC8F6 /* Release */ = {
			isa = XCBuildConfiguration;
			buildSettings = {
				ASSETCATALOG_COMPILER_APPICON_NAME = AppIcon;
				INFOPLIST_FILE = Round_for_Change/Info.plist;
				LD_RUNPATH_SEARCH_PATHS = "$(inherited) @executable_path/Frameworks";
				PRODUCT_NAME = "$(TARGET_NAME)";
			};
			name = Release;
		};
		473B3BFC1BC95C2D00FDC8F6 /* Debug */ = {
			isa = XCBuildConfiguration;
			buildSettings = {
				BUNDLE_LOADER = "$(TEST_HOST)";
				FRAMEWORK_SEARCH_PATHS = (
					"$(SDKROOT)/Developer/Library/Frameworks",
					"$(inherited)",
				);
				GCC_PREPROCESSOR_DEFINITIONS = (
					"DEBUG=1",
					"$(inherited)",
				);
				INFOPLIST_FILE = Round_for_ChangeTests/Info.plist;
				LD_RUNPATH_SEARCH_PATHS = "$(inherited) @executable_path/Frameworks @loader_path/Frameworks";
				PRODUCT_NAME = "$(TARGET_NAME)";
				TEST_HOST = "$(BUILT_PRODUCTS_DIR)/Round_for_Change.app/Round_for_Change";
			};
			name = Debug;
		};
		473B3BFD1BC95C2D00FDC8F6 /* Release */ = {
			isa = XCBuildConfiguration;
			buildSettings = {
				BUNDLE_LOADER = "$(TEST_HOST)";
				FRAMEWORK_SEARCH_PATHS = (
					"$(SDKROOT)/Developer/Library/Frameworks",
					"$(inherited)",
				);
				INFOPLIST_FILE = Round_for_ChangeTests/Info.plist;
				LD_RUNPATH_SEARCH_PATHS = "$(inherited) @executable_path/Frameworks @loader_path/Frameworks";
				PRODUCT_NAME = "$(TARGET_NAME)";
				TEST_HOST = "$(BUILT_PRODUCTS_DIR)/Round_for_Change.app/Round_for_Change";
			};
			name = Release;
		};
/* End XCBuildConfiguration section */

/* Begin XCConfigurationList section */
		473B3BD01BC95C2D00FDC8F6 /* Build configuration list for PBXProject "Round_for_Change" */ = {
			isa = XCConfigurationList;
			buildConfigurations = (
				473B3BF61BC95C2D00FDC8F6 /* Debug */,
				473B3BF71BC95C2D00FDC8F6 /* Release */,
			);
			defaultConfigurationIsVisible = 0;
			defaultConfigurationName = Release;
		};
		473B3BF81BC95C2D00FDC8F6 /* Build configuration list for PBXNativeTarget "Round_for_Change" */ = {
			isa = XCConfigurationList;
			buildConfigurations = (
				473B3BF91BC95C2D00FDC8F6 /* Debug */,
				473B3BFA1BC95C2D00FDC8F6 /* Release */,
			);
			defaultConfigurationIsVisible = 0;
			defaultConfigurationName = Release;
		};
		473B3BFB1BC95C2D00FDC8F6 /* Build configuration list for PBXNativeTarget "Round_for_ChangeTests" */ = {
			isa = XCConfigurationList;
			buildConfigurations = (
				473B3BFC1BC95C2D00FDC8F6 /* Debug */,
				473B3BFD1BC95C2D00FDC8F6 /* Release */,
			);
			defaultConfigurationIsVisible = 0;
			defaultConfigurationName = Release;
		};
/* End XCConfigurationList section */
	};
	rootObject = 473B3BCD1BC95C2D00FDC8F6 /* Project object */;
}
